
Microsoft Visual Studio Solution File, Format Version 12.00
# Visual Studio Version 17
VisualStudioVersion = 17.1.32210.238
MinimumVisualStudioVersion = 10.0.40219.1
Project("{2150E333-8FDC-42A3-9474-1A3956D46DE8}") = "Services", "Services", "{300ED33F-2232-46F9-9110-B7DB4E330C2E}"
EndProject
Project("{2150E333-8FDC-42A3-9474-1A3956D46DE8}") = "Catalog", "Catalog", "{5F741075-CC0C-4FA2-8EB4-8D1D9E63522E}"
EndProject
Project("{9A19103F-16F7-4668-BE54-9A1E7A4F7556}") = "Catalog.Api", "Services\Catalog\Catalog.Api\Catalog.Api.csproj", "{1689F260-315D-44FB-96BD-793B8634D41D}"
EndProject
Project("{E53339B2-1760-4266-BCC7-CA923CBCF16C}") = "docker-compose", "docker-compose.dcproj", "{018DA75D-FC04-4905-A3AD-FDA6C27C776D}"
EndProject
Project("{2150E333-8FDC-42A3-9474-1A3956D46DE8}") = "Basket", "Basket", "{4D0F898A-E6E9-4555-87F8-FD75B30875A4}"
EndProject
Project("{9A19103F-16F7-4668-BE54-9A1E7A4F7556}") = "Basket.Api", "Services\Basket\Basket.Api\Basket.Api.csproj", "{C8251D3F-02CD-4DB7-8CF8-FE1878F917F6}"
EndProject
Project("{2150E333-8FDC-42A3-9474-1A3956D46DE8}") = "Discount", "Discount", "{FEBDE486-258F-45EF-A16E-4A9C65769AF4}"
EndProject
Project("{9A19103F-16F7-4668-BE54-9A1E7A4F7556}") = "Discount.Api", "Services\Discount\Discount.Api\Discount.Api.csproj", "{83774340-1E9D-4F71-BDC5-0743460049A4}"
EndProject
Project("{9A19103F-16F7-4668-BE54-9A1E7A4F7556}") = "Discount.Grpc", "Services\Discount\Discount.Grpc\Discount.Grpc.csproj", "{BA0D33B9-2155-43C6-82F5-4363E21E37A1}"
EndProject
Project("{2150E333-8FDC-42A3-9474-1A3956D46DE8}") = "Ordering", "Ordering", "{17CE9D10-2690-4091-B34B-82148B481EDC}"
EndProject
Project("{9A19103F-16F7-4668-BE54-9A1E7A4F7556}") = "Ordering.Api", "Services\Ordering\Ordering.Api\Ordering.Api.csproj", "{347ED1A9-10B4-4ECF-A3E9-40BC2A7A8B7C}"
EndProject
Project("{9A19103F-16F7-4668-BE54-9A1E7A4F7556}") = "Ordering.Domain", "Services\Ordering\Ordering.Domain\Ordering.Domain.csproj", "{1DAFDFA7-8F67-42F4-BC2B-3F8C301B3761}"
EndProject
Project("{9A19103F-16F7-4668-BE54-9A1E7A4F7556}") = "Ordering.Application", "Services\Ordering\Ordering.Application\Ordering.Application.csproj", "{4477442E-094D-4679-BB6F-09A2DC4A0347}"
EndProject
Project("{9A19103F-16F7-4668-BE54-9A1E7A4F7556}") = "Ordering.Infrastructure", "Services\Ordering\Ordering.Infrastructure\Ordering.Infrastructure.csproj", "{3898E64A-DB22-4598-8B25-3168ADA57F56}"
EndProject
Project("{2150E333-8FDC-42A3-9474-1A3956D46DE8}") = "BuildingBlocks", "BuildingBlocks", "{61DB6345-B9F6-4362-AEDC-BF3C3DB43090}"
EndProject
Project("{9A19103F-16F7-4668-BE54-9A1E7A4F7556}") = "EventBus.Messages", "BuildingBlocks\EventBus.Messages\EventBus.Messages.csproj", "{221F7FB3-BF53-4FF5-8DEA-94ABDE7117EF}"
EndProject
Project("{2150E333-8FDC-42A3-9474-1A3956D46DE8}") = "ApiGateways", "ApiGateways", "{B04CEAE4-4643-4DBE-9D2A-EA6F79162C58}"
EndProject
Project("{9A19103F-16F7-4668-BE54-9A1E7A4F7556}") = "OcelotApiGateway", "ApiGateways\OcelotApiGateway\OcelotApiGateway.csproj", "{94122B17-472B-4FF6-9EC9-2B101C33F19A}"
EndProject
Project("{FAE04EC0-301F-11D3-BF4B-00C04F79EFBC}") = "Shopping.Aggregator", "ApiGateways\Shopping.Aggregator\Shopping.Aggregator.csproj", "{8B08AA6D-6393-4F64-BD9B-267FEE6FE941}"
EndProject
Global
	GlobalSection(SolutionConfigurationPlatforms) = preSolution
		Debug|Any CPU = Debug|Any CPU
		Release|Any CPU = Release|Any CPU
	EndGlobalSection
	GlobalSection(ProjectConfigurationPlatforms) = postSolution
		{1689F260-315D-44FB-96BD-793B8634D41D}.Debug|Any CPU.ActiveCfg = Debug|Any CPU
		{1689F260-315D-44FB-96BD-793B8634D41D}.Debug|Any CPU.Build.0 = Debug|Any CPU
		{1689F260-315D-44FB-96BD-793B8634D41D}.Release|Any CPU.ActiveCfg = Release|Any CPU
		{1689F260-315D-44FB-96BD-793B8634D41D}.Release|Any CPU.Build.0 = Release|Any CPU
		{018DA75D-FC04-4905-A3AD-FDA6C27C776D}.Debug|Any CPU.ActiveCfg = Debug|Any CPU
		{018DA75D-FC04-4905-A3AD-FDA6C27C776D}.Debug|Any CPU.Build.0 = Debug|Any CPU
		{018DA75D-FC04-4905-A3AD-FDA6C27C776D}.Release|Any CPU.ActiveCfg = Release|Any CPU
		{018DA75D-FC04-4905-A3AD-FDA6C27C776D}.Release|Any CPU.Build.0 = Release|Any CPU
		{C8251D3F-02CD-4DB7-8CF8-FE1878F917F6}.Debug|Any CPU.ActiveCfg = Debug|Any CPU
		{C8251D3F-02CD-4DB7-8CF8-FE1878F917F6}.Debug|Any CPU.Build.0 = Debug|Any CPU
		{C8251D3F-02CD-4DB7-8CF8-FE1878F917F6}.Release|Any CPU.ActiveCfg = Release|Any CPU
		{C8251D3F-02CD-4DB7-8CF8-FE1878F917F6}.Release|Any CPU.Build.0 = Release|Any CPU
		{83774340-1E9D-4F71-BDC5-0743460049A4}.Debug|Any CPU.ActiveCfg = Debug|Any CPU
		{83774340-1E9D-4F71-BDC5-0743460049A4}.Debug|Any CPU.Build.0 = Debug|Any CPU
		{83774340-1E9D-4F71-BDC5-0743460049A4}.Release|Any CPU.ActiveCfg = Release|Any CPU
		{83774340-1E9D-4F71-BDC5-0743460049A4}.Release|Any CPU.Build.0 = Release|Any CPU
		{BA0D33B9-2155-43C6-82F5-4363E21E37A1}.Debug|Any CPU.ActiveCfg = Debug|Any CPU
		{BA0D33B9-2155-43C6-82F5-4363E21E37A1}.Debug|Any CPU.Build.0 = Debug|Any CPU
		{BA0D33B9-2155-43C6-82F5-4363E21E37A1}.Release|Any CPU.ActiveCfg = Release|Any CPU
		{BA0D33B9-2155-43C6-82F5-4363E21E37A1}.Release|Any CPU.Build.0 = Release|Any CPU
		{347ED1A9-10B4-4ECF-A3E9-40BC2A7A8B7C}.Debug|Any CPU.ActiveCfg = Debug|Any CPU
		{347ED1A9-10B4-4ECF-A3E9-40BC2A7A8B7C}.Debug|Any CPU.Build.0 = Debug|Any CPU
		{347ED1A9-10B4-4ECF-A3E9-40BC2A7A8B7C}.Release|Any CPU.ActiveCfg = Release|Any CPU
		{347ED1A9-10B4-4ECF-A3E9-40BC2A7A8B7C}.Release|Any CPU.Build.0 = Release|Any CPU
		{1DAFDFA7-8F67-42F4-BC2B-3F8C301B3761}.Debug|Any CPU.ActiveCfg = Debug|Any CPU
		{1DAFDFA7-8F67-42F4-BC2B-3F8C301B3761}.Debug|Any CPU.Build.0 = Debug|Any CPU
		{1DAFDFA7-8F67-42F4-BC2B-3F8C301B3761}.Release|Any CPU.ActiveCfg = Release|Any CPU
		{1DAFDFA7-8F67-42F4-BC2B-3F8C301B3761}.Release|Any CPU.Build.0 = Release|Any CPU
		{4477442E-094D-4679-BB6F-09A2DC4A0347}.Debug|Any CPU.ActiveCfg = Debug|Any CPU
		{4477442E-094D-4679-BB6F-09A2DC4A0347}.Debug|Any CPU.Build.0 = Debug|Any CPU
		{4477442E-094D-4679-BB6F-09A2DC4A0347}.Release|Any CPU.ActiveCfg = Release|Any CPU
		{4477442E-094D-4679-BB6F-09A2DC4A0347}.Release|Any CPU.Build.0 = Release|Any CPU
		{3898E64A-DB22-4598-8B25-3168ADA57F56}.Debug|Any CPU.ActiveCfg = Debug|Any CPU
		{3898E64A-DB22-4598-8B25-3168ADA57F56}.Debug|Any CPU.Build.0 = Debug|Any CPU
		{3898E64A-DB22-4598-8B25-3168ADA57F56}.Release|Any CPU.ActiveCfg = Release|Any CPU
		{3898E64A-DB22-4598-8B25-3168ADA57F56}.Release|Any CPU.Build.0 = Release|Any CPU
		{221F7FB3-BF53-4FF5-8DEA-94ABDE7117EF}.Debug|Any CPU.ActiveCfg = Debug|Any CPU
		{221F7FB3-BF53-4FF5-8DEA-94ABDE7117EF}.Debug|Any CPU.Build.0 = Debug|Any CPU
		{221F7FB3-BF53-4FF5-8DEA-94ABDE7117EF}.Release|Any CPU.ActiveCfg = Release|Any CPU
		{221F7FB3-BF53-4FF5-8DEA-94ABDE7117EF}.Release|Any CPU.Build.0 = Release|Any CPU
		{94122B17-472B-4FF6-9EC9-2B101C33F19A}.Debug|Any CPU.ActiveCfg = Debug|Any CPU
		{94122B17-472B-4FF6-9EC9-2B101C33F19A}.Debug|Any CPU.Build.0 = Debug|Any CPU
		{94122B17-472B-4FF6-9EC9-2B101C33F19A}.Release|Any CPU.ActiveCfg = Release|Any CPU
		{94122B17-472B-4FF6-9EC9-2B101C33F19A}.Release|Any CPU.Build.0 = Release|Any CPU
		{8B08AA6D-6393-4F64-BD9B-267FEE6FE941}.Debug|Any CPU.ActiveCfg = Debug|Any CPU
		{8B08AA6D-6393-4F64-BD9B-267FEE6FE941}.Debug|Any CPU.Build.0 = Debug|Any CPU
		{8B08AA6D-6393-4F64-BD9B-267FEE6FE941}.Release|Any CPU.ActiveCfg = Release|Any CPU
		{8B08AA6D-6393-4F64-BD9B-267FEE6FE941}.Release|Any CPU.Build.0 = Release|Any CPU
	EndGlobalSection
	GlobalSection(SolutionProperties) = preSolution
		HideSolutionNode = FALSE
	EndGlobalSection
	GlobalSection(NestedProjects) = preSolution
		{5F741075-CC0C-4FA2-8EB4-8D1D9E63522E} = {300ED33F-2232-46F9-9110-B7DB4E330C2E}
		{1689F260-315D-44FB-96BD-793B8634D41D} = {5F741075-CC0C-4FA2-8EB4-8D1D9E63522E}
		{4D0F898A-E6E9-4555-87F8-FD75B30875A4} = {300ED33F-2232-46F9-9110-B7DB4E330C2E}
		{C8251D3F-02CD-4DB7-8CF8-FE1878F917F6} = {4D0F898A-E6E9-4555-87F8-FD75B30875A4}
		{FEBDE486-258F-45EF-A16E-4A9C65769AF4} = {300ED33F-2232-46F9-9110-B7DB4E330C2E}
		{83774340-1E9D-4F71-BDC5-0743460049A4} = {FEBDE486-258F-45EF-A16E-4A9C65769AF4}
		{BA0D33B9-2155-43C6-82F5-4363E21E37A1} = {FEBDE486-258F-45EF-A16E-4A9C65769AF4}
		{17CE9D10-2690-4091-B34B-82148B481EDC} = {300ED33F-2232-46F9-9110-B7DB4E330C2E}
		{347ED1A9-10B4-4ECF-A3E9-40BC2A7A8B7C} = {17CE9D10-2690-4091-B34B-82148B481EDC}
		{1DAFDFA7-8F67-42F4-BC2B-3F8C301B3761} = {17CE9D10-2690-4091-B34B-82148B481EDC}
		{4477442E-094D-4679-BB6F-09A2DC4A0347} = {17CE9D10-2690-4091-B34B-82148B481EDC}
		{3898E64A-DB22-4598-8B25-3168ADA57F56} = {17CE9D10-2690-4091-B34B-82148B481EDC}
		{221F7FB3-BF53-4FF5-8DEA-94ABDE7117EF} = {61DB6345-B9F6-4362-AEDC-BF3C3DB43090}
		{94122B17-472B-4FF6-9EC9-2B101C33F19A} = {B04CEAE4-4643-4DBE-9D2A-EA6F79162C58}
		{8B08AA6D-6393-4F64-BD9B-267FEE6FE941} = {B04CEAE4-4643-4DBE-9D2A-EA6F79162C58}
	EndGlobalSection
	GlobalSection(ExtensibilityGlobals) = postSolution
		SolutionGuid = {FA82DD37-A179-487E-9B96-60E3342806FB}
	EndGlobalSection
EndGlobal
